
Microsoft Visual Studio Solution File, Format Version 12.00
# Visual Studio 15
VisualStudioVersion = 15.0.28010.2041
MinimumVisualStudioVersion = 10.0.40219.1
Project("{D2ABAB84-BF74-430A-B69E-9DC6D40DDA17}") = "ModeleAnalizyDanych_P2", "ModeleAnalizyDanych_P2\ModeleAnalizyDanych_P2.dwproj", "{89C7DF2F-00AB-4781-8839-9FFDA0EA663D}"
EndProject
Global
	GlobalSection(SolutionConfigurationPlatforms) = preSolution
		Development|Default = Development|Default
	EndGlobalSection
	GlobalSection(ProjectConfigurationPlatforms) = postSolution
		{89C7DF2F-00AB-4781-8839-9FFDA0EA663D}.Development|Default.ActiveCfg = Development
		{89C7DF2F-00AB-4781-8839-9FFDA0EA663D}.Development|Default.Build.0 = Development
		{89C7DF2F-00AB-4781-8839-9FFDA0EA663D}.Development|Default.Deploy.0 = Development
	EndGlobalSection
	GlobalSection(SolutionProperties) = preSolution
		HideSolutionNode = FALSE
	EndGlobalSection
	GlobalSection(ExtensibilityGlobals) = postSolution
		SolutionGuid = {F78645C1-3275-4E5F-B140-DD2C89C1A51D}
	EndGlobalSection
EndGlobal
